// !$*UTF8*$!
{
	archiveVersion = 1;
	classes = {
	};
	objectVersion = 56;
	objects = {

/* Begin PBXBuildFile section */
		130CA6552BEA7CB700984782 /* Extensions.swift in Sources */ = {isa = PBXBuildFile; fileRef = 130CA6542BEA7CB700984782 /* Extensions.swift */; };
		1342389D2BE2353C00F3D35E /* ToDoListApp.swift in Sources */ = {isa = PBXBuildFile; fileRef = 1342389C2BE2353C00F3D35E /* ToDoListApp.swift */; };
		1342389F2BE2353C00F3D35E /* MainView.swift in Sources */ = {isa = PBXBuildFile; fileRef = 1342389E2BE2353C00F3D35E /* MainView.swift */; };
		134238A12BE2353D00F3D35E /* Assets.xcassets in Resources */ = {isa = PBXBuildFile; fileRef = 134238A02BE2353D00F3D35E /* Assets.xcassets */; };
		134238A42BE2353D00F3D35E /* Preview Assets.xcassets in Resources */ = {isa = PBXBuildFile; fileRef = 134238A32BE2353D00F3D35E /* Preview Assets.xcassets */; };
		134238AC2BE23FCE00F3D35E /* FirebaseAuth in Frameworks */ = {isa = PBXBuildFile; productRef = 134238AB2BE23FCE00F3D35E /* FirebaseAuth */; };
		134238AE2BE23FCE00F3D35E /* FirebaseFirestore in Frameworks */ = {isa = PBXBuildFile; productRef = 134238AD2BE23FCE00F3D35E /* FirebaseFirestore */; };
		134238B02BE23FCE00F3D35E /* FirebaseFirestoreSwift in Frameworks */ = {isa = PBXBuildFile; productRef = 134238AF2BE23FCE00F3D35E /* FirebaseFirestoreSwift */; };
		134238B22BE2418300F3D35E /* GoogleService-Info.plist in Resources */ = {isa = PBXBuildFile; fileRef = 134238B12BE2418300F3D35E /* GoogleService-Info.plist */; };
		134238B82BE40EEC00F3D35E /* ProfileView.swift in Sources */ = {isa = PBXBuildFile; fileRef = 134238B72BE40EEC00F3D35E /* ProfileView.swift */; };
		134238BA2BE40F2300F3D35E /* ToDoListView.swift in Sources */ = {isa = PBXBuildFile; fileRef = 134238B92BE40F2300F3D35E /* ToDoListView.swift */; };
		134238BC2BE40F3E00F3D35E /* NewItemView.swift in Sources */ = {isa = PBXBuildFile; fileRef = 134238BB2BE40F3E00F3D35E /* NewItemView.swift */; };
		134238BE2BE40F5000F3D35E /* LoginView.swift in Sources */ = {isa = PBXBuildFile; fileRef = 134238BD2BE40F5000F3D35E /* LoginView.swift */; };
		134238C02BE40F6E00F3D35E /* RegisterView.swift in Sources */ = {isa = PBXBuildFile; fileRef = 134238BF2BE40F6E00F3D35E /* RegisterView.swift */; };
		134238C22BE40FAD00F3D35E /* ToDoListItemView.swift in Sources */ = {isa = PBXBuildFile; fileRef = 134238C12BE40FAD00F3D35E /* ToDoListItemView.swift */; };
		134238C42BE410B100F3D35E /* User.swift in Sources */ = {isa = PBXBuildFile; fileRef = 134238C32BE410B100F3D35E /* User.swift */; };
		134238C62BE410C000F3D35E /* ToDoListItem.swift in Sources */ = {isa = PBXBuildFile; fileRef = 134238C52BE410C000F3D35E /* ToDoListItem.swift */; };
		134238C82BE410F800F3D35E /* MainViewViewModel.swift in Sources */ = {isa = PBXBuildFile; fileRef = 134238C72BE410F800F3D35E /* MainViewViewModel.swift */; };
		134238CA2BE4110400F3D35E /* ProfileViewViewModel.swift in Sources */ = {isa = PBXBuildFile; fileRef = 134238C92BE4110400F3D35E /* ProfileViewViewModel.swift */; };
		134238CC2BE4111500F3D35E /* ToDoListViewViewModel.swift in Sources */ = {isa = PBXBuildFile; fileRef = 134238CB2BE4111500F3D35E /* ToDoListViewViewModel.swift */; };
		134238CE2BE4112300F3D35E /* NewItemViewViewModel.swift in Sources */ = {isa = PBXBuildFile; fileRef = 134238CD2BE4112300F3D35E /* NewItemViewViewModel.swift */; };
		134238D02BE4113000F3D35E /* LoginViewViewModel.swift in Sources */ = {isa = PBXBuildFile; fileRef = 134238CF2BE4113000F3D35E /* LoginViewViewModel.swift */; };
		134238D22BE4113E00F3D35E /* RegisterViewViewModel.swift in Sources */ = {isa = PBXBuildFile; fileRef = 134238D12BE4113E00F3D35E /* RegisterViewViewModel.swift */; };
		134238D42BE4115500F3D35E /* ToDoListItemViewViewModel.swift in Sources */ = {isa = PBXBuildFile; fileRef = 134238D32BE4115500F3D35E /* ToDoListItemViewViewModel.swift */; };
		137014FB2BE570BE000F5F30 /* HeaderView.swift in Sources */ = {isa = PBXBuildFile; fileRef = 137014FA2BE570BE000F5F30 /* HeaderView.swift */; };
		1388A41A2BFB03FE00C7DF41 /* Launch Screen.storyboard in Resources */ = {isa = PBXBuildFile; fileRef = 1388A4192BFB03FE00C7DF41 /* Launch Screen.storyboard */; };
		13E4C8092BE6C06500ACFEF0 /* TLButton.swift in Sources */ = {isa = PBXBuildFile; fileRef = 13E4C8082BE6C06500ACFEF0 /* TLButton.swift */; };
/* End PBXBuildFile section */

/* Begin PBXFileReference section */
		130CA6542BEA7CB700984782 /* Extensions.swift */ = {isa = PBXFileReference; lastKnownFileType = sourcecode.swift; path = Extensions.swift; sourceTree = "<group>"; };
		134238992BE2353C00F3D35E /* ToDoList.app */ = {isa = PBXFileReference; explicitFileType = wrapper.application; includeInIndex = 0; path = ToDoList.app; sourceTree = BUILT_PRODUCTS_DIR; };
		1342389C2BE2353C00F3D35E /* ToDoListApp.swift */ = {isa = PBXFileReference; lastKnownFileType = sourcecode.swift; path = ToDoListApp.swift; sourceTree = "<group>"; };
		1342389E2BE2353C00F3D35E /* MainView.swift */ = {isa = PBXFileReference; lastKnownFileType = sourcecode.swift; path = MainView.swift; sourceTree = "<group>"; };
		134238A02BE2353D00F3D35E /* Assets.xcassets */ = {isa = PBXFileReference; lastKnownFileType = folder.assetcatalog; path = Assets.xcassets; sourceTree = "<group>"; };
		134238A32BE2353D00F3D35E /* Preview Assets.xcassets */ = {isa = PBXFileReference; lastKnownFileType = folder.assetcatalog; path = "Preview Assets.xcassets"; sourceTree = "<group>"; };
		134238B12BE2418300F3D35E /* GoogleService-Info.plist */ = {isa = PBXFileReference; fileEncoding = 4; lastKnownFileType = text.plist.xml; path = "GoogleService-Info.plist"; sourceTree = "<group>"; };
		134238B72BE40EEC00F3D35E /* ProfileView.swift */ = {isa = PBXFileReference; lastKnownFileType = sourcecode.swift; path = ProfileView.swift; sourceTree = "<group>"; };
		134238B92BE40F2300F3D35E /* ToDoListView.swift */ = {isa = PBXFileReference; lastKnownFileType = sourcecode.swift; path = ToDoListView.swift; sourceTree = "<group>"; };
		134238BB2BE40F3E00F3D35E /* NewItemView.swift */ = {isa = PBXFileReference; lastKnownFileType = sourcecode.swift; path = NewItemView.swift; sourceTree = "<group>"; };
		134238BD2BE40F5000F3D35E /* LoginView.swift */ = {isa = PBXFileReference; lastKnownFileType = sourcecode.swift; path = LoginView.swift; sourceTree = "<group>"; };
		134238BF2BE40F6E00F3D35E /* RegisterView.swift */ = {isa = PBXFileReference; lastKnownFileType = sourcecode.swift; path = RegisterView.swift; sourceTree = "<group>"; };
		134238C12BE40FAD00F3D35E /* ToDoListItemView.swift */ = {isa = PBXFileReference; lastKnownFileType = sourcecode.swift; path = ToDoListItemView.swift; sourceTree = "<group>"; };
		134238C32BE410B100F3D35E /* User.swift */ = {isa = PBXFileReference; lastKnownFileType = sourcecode.swift; path = User.swift; sourceTree = "<group>"; };
		134238C52BE410C000F3D35E /* ToDoListItem.swift */ = {isa = PBXFileReference; lastKnownFileType = sourcecode.swift; path = ToDoListItem.swift; sourceTree = "<group>"; };
		134238C72BE410F800F3D35E /* MainViewViewModel.swift */ = {isa = PBXFileReference; lastKnownFileType = sourcecode.swift; path = MainViewViewModel.swift; sourceTree = "<group>"; };
		134238C92BE4110400F3D35E /* ProfileViewViewModel.swift */ = {isa = PBXFileReference; lastKnownFileType = sourcecode.swift; path = ProfileViewViewModel.swift; sourceTree = "<group>"; };
		134238CB2BE4111500F3D35E /* ToDoListViewViewModel.swift */ = {isa = PBXFileReference; lastKnownFileType = sourcecode.swift; path = ToDoListViewViewModel.swift; sourceTree = "<group>"; };
		134238CD2BE4112300F3D35E /* NewItemViewViewModel.swift */ = {isa = PBXFileReference; lastKnownFileType = sourcecode.swift; path = NewItemViewViewModel.swift; sourceTree = "<group>"; };
		134238CF2BE4113000F3D35E /* LoginViewViewModel.swift */ = {isa = PBXFileReference; lastKnownFileType = sourcecode.swift; path = LoginViewViewModel.swift; sourceTree = "<group>"; };
		134238D12BE4113E00F3D35E /* RegisterViewViewModel.swift */ = {isa = PBXFileReference; lastKnownFileType = sourcecode.swift; path = RegisterViewViewModel.swift; sourceTree = "<group>"; };
		134238D32BE4115500F3D35E /* ToDoListItemViewViewModel.swift */ = {isa = PBXFileReference; lastKnownFileType = sourcecode.swift; path = ToDoListItemViewViewModel.swift; sourceTree = "<group>"; };
		137014FA2BE570BE000F5F30 /* HeaderView.swift */ = {isa = PBXFileReference; lastKnownFileType = sourcecode.swift; path = HeaderView.swift; sourceTree = "<group>"; };
		1388A4192BFB03FE00C7DF41 /* Launch Screen.storyboard */ = {isa = PBXFileReference; lastKnownFileType = file.storyboard; path = "Launch Screen.storyboard"; sourceTree = "<group>"; };
		13E4C8082BE6C06500ACFEF0 /* TLButton.swift */ = {isa = PBXFileReference; lastKnownFileType = sourcecode.swift; path = TLButton.swift; sourceTree = "<group>"; };
/* End PBXFileReference section */

/* Begin PBXFrameworksBuildPhase section */
		134238962BE2353C00F3D35E /* Frameworks */ = {
			isa = PBXFrameworksBuildPhase;
			buildActionMask = 2147483647;
			files = (
				134238AC2BE23FCE00F3D35E /* FirebaseAuth in Frameworks */,
				134238AE2BE23FCE00F3D35E /* FirebaseFirestore in Frameworks */,
				134238B02BE23FCE00F3D35E /* FirebaseFirestoreSwift in Frameworks */,
			);
			runOnlyForDeploymentPostprocessing = 0;
		};
/* End PBXFrameworksBuildPhase section */

/* Begin PBXGroup section */
		134238902BE2353C00F3D35E = {
			isa = PBXGroup;
			children = (
				1342389B2BE2353C00F3D35E /* ToDoList */,
				1342389A2BE2353C00F3D35E /* Products */,
			);
			sourceTree = "<group>";
		};
		1342389A2BE2353C00F3D35E /* Products */ = {
			isa = PBXGroup;
			children = (
				134238992BE2353C00F3D35E /* ToDoList.app */,
			);
			name = Products;
			sourceTree = "<group>";
		};
		1342389B2BE2353C00F3D35E /* ToDoList */ = {
			isa = PBXGroup;
			children = (
				134238B62BE40E0200F3D35E /* Other */,
				134238B52BE40DDE00F3D35E /* Models */,
				134238B42BE40DD400F3D35E /* ViewModels */,
				134238B32BE40DC700F3D35E /* Views */,
				134238A22BE2353D00F3D35E /* Preview Content */,
			);
			path = ToDoList;
			sourceTree = "<group>";
		};
		134238A22BE2353D00F3D35E /* Preview Content */ = {
			isa = PBXGroup;
			children = (
				134238A32BE2353D00F3D35E /* Preview Assets.xcassets */,
			);
			path = "Preview Content";
			sourceTree = "<group>";
		};
		134238B32BE40DC700F3D35E /* Views */ = {
			isa = PBXGroup;
			children = (
				1342389E2BE2353C00F3D35E /* MainView.swift */,
				134238B72BE40EEC00F3D35E /* ProfileView.swift */,
				134238B92BE40F2300F3D35E /* ToDoListView.swift */,
				134238C12BE40FAD00F3D35E /* ToDoListItemView.swift */,
				134238BB2BE40F3E00F3D35E /* NewItemView.swift */,
				134238BD2BE40F5000F3D35E /* LoginView.swift */,
				134238BF2BE40F6E00F3D35E /* RegisterView.swift */,
				137014FA2BE570BE000F5F30 /* HeaderView.swift */,
				13E4C8082BE6C06500ACFEF0 /* TLButton.swift */,
			);
			path = Views;
			sourceTree = "<group>";
		};
		134238B42BE40DD400F3D35E /* ViewModels */ = {
			isa = PBXGroup;
			children = (
				134238C72BE410F800F3D35E /* MainViewViewModel.swift */,
				134238C92BE4110400F3D35E /* ProfileViewViewModel.swift */,
				134238CB2BE4111500F3D35E /* ToDoListViewViewModel.swift */,
				134238D32BE4115500F3D35E /* ToDoListItemViewViewModel.swift */,
				134238CD2BE4112300F3D35E /* NewItemViewViewModel.swift */,
				134238CF2BE4113000F3D35E /* LoginViewViewModel.swift */,
				134238D12BE4113E00F3D35E /* RegisterViewViewModel.swift */,
			);
			path = ViewModels;
			sourceTree = "<group>";
		};
		134238B52BE40DDE00F3D35E /* Models */ = {
			isa = PBXGroup;
			children = (
				134238C32BE410B100F3D35E /* User.swift */,
				134238C52BE410C000F3D35E /* ToDoListItem.swift */,
			);
			path = Models;
			sourceTree = "<group>";
		};
		134238B62BE40E0200F3D35E /* Other */ = {
			isa = PBXGroup;
			children = (
				134238A02BE2353D00F3D35E /* Assets.xcassets */,
				134238B12BE2418300F3D35E /* GoogleService-Info.plist */,
				1342389C2BE2353C00F3D35E /* ToDoListApp.swift */,
				130CA6542BEA7CB700984782 /* Extensions.swift */,
				1388A4192BFB03FE00C7DF41 /* Launch Screen.storyboard */,
			);
			path = Other;
			sourceTree = "<group>";
		};
/* End PBXGroup section */

/* Begin PBXNativeTarget section */
		134238982BE2353C00F3D35E /* ToDoList */ = {
			isa = PBXNativeTarget;
			buildConfigurationList = 134238A72BE2353D00F3D35E /* Build configuration list for PBXNativeTarget "ToDoList" */;
			buildPhases = (
				134238952BE2353C00F3D35E /* Sources */,
				134238962BE2353C00F3D35E /* Frameworks */,
				134238972BE2353C00F3D35E /* Resources */,
			);
			buildRules = (
			);
			dependencies = (
			);
			name = ToDoList;
			packageProductDependencies = (
				134238AB2BE23FCE00F3D35E /* FirebaseAuth */,
				134238AD2BE23FCE00F3D35E /* FirebaseFirestore */,
				134238AF2BE23FCE00F3D35E /* FirebaseFirestoreSwift */,
			);
			productName = ToDoList;
			productReference = 134238992BE2353C00F3D35E /* ToDoList.app */;
			productType = "com.apple.product-type.application";
		};
/* End PBXNativeTarget section */

/* Begin PBXProject section */
		134238912BE2353C00F3D35E /* Project object */ = {
			isa = PBXProject;
			attributes = {
				BuildIndependentTargetsInParallel = 1;
				LastSwiftUpdateCheck = 1400;
				LastUpgradeCheck = 1400;
				TargetAttributes = {
					134238982BE2353C00F3D35E = {
						CreatedOnToolsVersion = 14.0.1;
					};
				};
			};
			buildConfigurationList = 134238942BE2353C00F3D35E /* Build configuration list for PBXProject "ToDoList" */;
			compatibilityVersion = "Xcode 14.0";
			developmentRegion = en;
			hasScannedForEncodings = 0;
			knownRegions = (
				en,
				Base,
			);
			mainGroup = 134238902BE2353C00F3D35E;
			packageReferences = (
				134238AA2BE23FCE00F3D35E /* XCRemoteSwiftPackageReference "firebase-ios-sdk" */,
			);
			productRefGroup = 1342389A2BE2353C00F3D35E /* Products */;
			projectDirPath = "";
			projectRoot = "";
			targets = (
				134238982BE2353C00F3D35E /* ToDoList */,
			);
		};
/* End PBXProject section */

/* Begin PBXResourcesBuildPhase section */
		134238972BE2353C00F3D35E /* Resources */ = {
			isa = PBXResourcesBuildPhase;
			buildActionMask = 2147483647;
			files = (
				134238A42BE2353D00F3D35E /* Preview Assets.xcassets in Resources */,
				134238A12BE2353D00F3D35E /* Assets.xcassets in Resources */,
				1388A41A2BFB03FE00C7DF41 /* Launch Screen.storyboard in Resources */,
				134238B22BE2418300F3D35E /* GoogleService-Info.plist in Resources */,
			);
			runOnlyForDeploymentPostprocessing = 0;
		};
/* End PBXResourcesBuildPhase section */

/* Begin PBXSourcesBuildPhase section */
		134238952BE2353C00F3D35E /* Sources */ = {
			isa = PBXSourcesBuildPhase;
			buildActionMask = 2147483647;
			files = (
				134238BE2BE40F5000F3D35E /* LoginView.swift in Sources */,
				137014FB2BE570BE000F5F30 /* HeaderView.swift in Sources */,
				1342389F2BE2353C00F3D35E /* MainView.swift in Sources */,
				134238D22BE4113E00F3D35E /* RegisterViewViewModel.swift in Sources */,
				134238C82BE410F800F3D35E /* MainViewViewModel.swift in Sources */,
				134238BA2BE40F2300F3D35E /* ToDoListView.swift in Sources */,
				134238C02BE40F6E00F3D35E /* RegisterView.swift in Sources */,
				13E4C8092BE6C06500ACFEF0 /* TLButton.swift in Sources */,
				134238CA2BE4110400F3D35E /* ProfileViewViewModel.swift in Sources */,
				134238B82BE40EEC00F3D35E /* ProfileView.swift in Sources */,
				134238C42BE410B100F3D35E /* User.swift in Sources */,
				134238C22BE40FAD00F3D35E /* ToDoListItemView.swift in Sources */,
				134238CC2BE4111500F3D35E /* ToDoListViewViewModel.swift in Sources */,
				134238D02BE4113000F3D35E /* LoginViewViewModel.swift in Sources */,
				1342389D2BE2353C00F3D35E /* ToDoListApp.swift in Sources */,
				130CA6552BEA7CB700984782 /* Extensions.swift in Sources */,
				134238C62BE410C000F3D35E /* ToDoListItem.swift in Sources */,
				134238BC2BE40F3E00F3D35E /* NewItemView.swift in Sources */,
				134238CE2BE4112300F3D35E /* NewItemViewViewModel.swift in Sources */,
				134238D42BE4115500F3D35E /* ToDoListItemViewViewModel.swift in Sources */,
			);
			runOnlyForDeploymentPostprocessing = 0;
		};
/* End PBXSourcesBuildPhase section */

/* Begin XCBuildConfiguration section */
		134238A52BE2353D00F3D35E /* Debug */ = {
			isa = XCBuildConfiguration;
			buildSettings = {
				ALWAYS_SEARCH_USER_PATHS = NO;
				CLANG_ANALYZER_NONNULL = YES;
				CLANG_ANALYZER_NUMBER_OBJECT_CONVERSION = YES_AGGRESSIVE;
				CLANG_CXX_LANGUAGE_STANDARD = "gnu++20";
				CLANG_ENABLE_MODULES = YES;
				CLANG_ENABLE_OBJC_ARC = YES;
				CLANG_ENABLE_OBJC_WEAK = YES;
				CLANG_WARN_BLOCK_CAPTURE_AUTORELEASING = YES;
				CLANG_WARN_BOOL_CONVERSION = YES;
				CLANG_WARN_COMMA = YES;
				CLANG_WARN_CONSTANT_CONVERSION = YES;
				CLANG_WARN_DEPRECATED_OBJC_IMPLEMENTATIONS = YES;
				CLANG_WARN_DIRECT_OBJC_ISA_USAGE = YES_ERROR;
				CLANG_WARN_DOCUMENTATION_COMMENTS = YES;
				CLANG_WARN_EMPTY_BODY = YES;
				CLANG_WARN_ENUM_CONVERSION = YES;
				CLANG_WARN_INFINITE_RECURSION = YES;
				CLANG_WARN_INT_CONVERSION = YES;
				CLANG_WARN_NON_LITERAL_NULL_CONVERSION = YES;
				CLANG_WARN_OBJC_IMPLICIT_RETAIN_SELF = YES;
				CLANG_WARN_OBJC_LITERAL_CONVERSION = YES;
				CLANG_WARN_OBJC_ROOT_CLASS = YES_ERROR;
				CLANG_WARN_QUOTED_INCLUDE_IN_FRAMEWORK_HEADER = YES;
				CLANG_WARN_RANGE_LOOP_ANALYSIS = YES;
				CLANG_WARN_STRICT_PROTOTYPES = YES;
				CLANG_WARN_SUSPICIOUS_MOVE = YES;
				CLANG_WARN_UNGUARDED_AVAILABILITY = YES_AGGRESSIVE;
				CLANG_WARN_UNREACHABLE_CODE = YES;
				CLANG_WARN__DUPLICATE_METHOD_MATCH = YES;
				COPY_PHASE_STRIP = NO;
				DEBUG_INFORMATION_FORMAT = dwarf;
				ENABLE_STRICT_OBJC_MSGSEND = YES;
				ENABLE_TESTABILITY = YES;
				GCC_C_LANGUAGE_STANDARD = gnu11;
				GCC_DYNAMIC_NO_PIC = NO;
				GCC_NO_COMMON_BLOCKS = YES;
				GCC_OPTIMIZATION_LEVEL = 0;
				GCC_PREPROCESSOR_DEFINITIONS = (
					"DEBUG=1",
					"$(inherited)",
				);
				GCC_WARN_64_TO_32_BIT_CONVERSION = YES;
				GCC_WARN_ABOUT_RETURN_TYPE = YES_ERROR;
				GCC_WARN_UNDECLARED_SELECTOR = YES;
				GCC_WARN_UNINITIALIZED_AUTOS = YES_AGGRESSIVE;
				GCC_WARN_UNUSED_FUNCTION = YES;
				GCC_WARN_UNUSED_VARIABLE = YES;
				IPHONEOS_DEPLOYMENT_TARGET = 16.0;
				MTL_ENABLE_DEBUG_INFO = INCLUDE_SOURCE;
				MTL_FAST_MATH = YES;
				ONLY_ACTIVE_ARCH = YES;
				SDKROOT = iphoneos;
				SWIFT_ACTIVE_COMPILATION_CONDITIONS = DEBUG;
				SWIFT_OPTIMIZATION_LEVEL = "-Onone";
			};
			name = Debug;
		};
		134238A62BE2353D00F3D35E /* Release */ = {
			isa = XCBuildConfiguration;
			buildSettings = {
				ALWAYS_SEARCH_USER_PATHS = NO;
				CLANG_ANALYZER_NONNULL = YES;
				CLANG_ANALYZER_NUMBER_OBJECT_CONVERSION = YES_AGGRESSIVE;
				CLANG_CXX_LANGUAGE_STANDARD = "gnu++20";
				CLANG_ENABLE_MODULES = YES;
				CLANG_ENABLE_OBJC_ARC = YES;
				CLANG_ENABLE_OBJC_WEAK = YES;
				CLANG_WARN_BLOCK_CAPTURE_AUTORELEASING = YES;
				CLANG_WARN_BOOL_CONVERSION = YES;
				CLANG_WARN_COMMA = YES;
				CLANG_WARN_CONSTANT_CONVERSION = YES;
				CLANG_WARN_DEPRECATED_OBJC_IMPLEMENTATIONS = YES;
				CLANG_WARN_DIRECT_OBJC_ISA_USAGE = YES_ERROR;
				CLANG_WARN_DOCUMENTATION_COMMENTS = YES;
				CLANG_WARN_EMPTY_BODY = YES;
				CLANG_WARN_ENUM_CONVERSION = YES;
				CLANG_WARN_INFINITE_RECURSION = YES;
				CLANG_WARN_INT_CONVERSION = YES;
				CLANG_WARN_NON_LITERAL_NULL_CONVERSION = YES;
				CLANG_WARN_OBJC_IMPLICIT_RETAIN_SELF = YES;
				CLANG_WARN_OBJC_LITERAL_CONVERSION = YES;
				CLANG_WARN_OBJC_ROOT_CLASS = YES_ERROR;
				CLANG_WARN_QUOTED_INCLUDE_IN_FRAMEWORK_HEADER = YES;
				CLANG_WARN_RANGE_LOOP_ANALYSIS = YES;
				CLANG_WARN_STRICT_PROTOTYPES = YES;
				CLANG_WARN_SUSPICIOUS_MOVE = YES;
				CLANG_WARN_UNGUARDED_AVAILABILITY = YES_AGGRESSIVE;
				CLANG_WARN_UNREACHABLE_CODE = YES;
				CLANG_WARN__DUPLICATE_METHOD_MATCH = YES;
				COPY_PHASE_STRIP = NO;
				DEBUG_INFORMATION_FORMAT = "dwarf-with-dsym";
				ENABLE_NS_ASSERTIONS = NO;
				ENABLE_STRICT_OBJC_MSGSEND = YES;
				GCC_C_LANGUAGE_STANDARD = gnu11;
				GCC_NO_COMMON_BLOCKS = YES;
				GCC_WARN_64_TO_32_BIT_CONVERSION = YES;
				GCC_WARN_ABOUT_RETURN_TYPE = YES_ERROR;
				GCC_WARN_UNDECLARED_SELECTOR = YES;
				GCC_WARN_UNINITIALIZED_AUTOS = YES_AGGRESSIVE;
				GCC_WARN_UNUSED_FUNCTION = YES;
				GCC_WARN_UNUSED_VARIABLE = YES;
				IPHONEOS_DEPLOYMENT_TARGET = 16.0;
				MTL_ENABLE_DEBUG_INFO = NO;
				MTL_FAST_MATH = YES;
				SDKROOT = iphoneos;
				SWIFT_COMPILATION_MODE = wholemodule;
				SWIFT_OPTIMIZATION_LEVEL = "-O";
				VALIDATE_PRODUCT = YES;
			};
			name = Release;
		};
		134238A82BE2353D00F3D35E /* Debug */ = {
			isa = XCBuildConfiguration;
			buildSettings = {
				ASSETCATALOG_COMPILER_APPICON_NAME = AppIcon;
				ASSETCATALOG_COMPILER_GLOBAL_ACCENT_COLOR_NAME = AccentColor;
				CODE_SIGN_STYLE = Automatic;
				CURRENT_PROJECT_VERSION = 1;
				DEVELOPMENT_ASSET_PATHS = "\"ToDoList/Preview Content\"";
				DEVELOPMENT_TEAM = B59JHR63KH;
				ENABLE_PREVIEWS = YES;
				GENERATE_INFOPLIST_FILE = YES;
				INFOPLIST_KEY_CFBundleDisplayName = "To Do List";
				INFOPLIST_KEY_UIApplicationSceneManifest_Generation = YES;
				INFOPLIST_KEY_UIApplicationSupportsIndirectInputEvents = YES;
				INFOPLIST_KEY_UILaunchScreen_Generation = YES;
				INFOPLIST_KEY_UILaunchStoryboardName = "Launch Screen.storyboard";
				INFOPLIST_KEY_UISupportedInterfaceOrientations = UIInterfaceOrientationPortrait;
				LD_RUNPATH_SEARCH_PATHS = (
					"$(inherited)",
					"@executable_path/Frameworks",
				);
				MARKETING_VERSION = 1.0;
				PRODUCT_BUNDLE_IDENTIFIER = ns.ToDoList;
				PRODUCT_NAME = "$(TARGET_NAME)";
				SWIFT_EMIT_LOC_STRINGS = YES;
				SWIFT_VERSION = 5.0;
				TARGETED_DEVICE_FAMILY = "1,2";
			};
			name = Debug;
		};
		134238A92BE2353D00F3D35E /* Release */ = {
			isa = XCBuildConfiguration;
			buildSettings = {
				ASSETCATALOG_COMPILER_APPICON_NAME = AppIcon;
				ASSETCATALOG_COMPILER_GLOBAL_ACCENT_COLOR_NAME = AccentColor;
				CODE_SIGN_STYLE = Automatic;
				CURRENT_PROJECT_VERSION = 1;
				DEVELOPMENT_ASSET_PATHS = "\"ToDoList/Preview Content\"";
				DEVELOPMENT_TEAM = B59JHR63KH;
				ENABLE_PREVIEWS = YES;
				GENERATE_INFOPLIST_FILE = YES;
				INFOPLIST_KEY_CFBundleDisplayName = "To Do List";
				INFOPLIST_KEY_UIApplicationSceneManifest_Generation = YES;
				INFOPLIST_KEY_UIApplicationSupportsIndirectInputEvents = YES;
				INFOPLIST_KEY_UILaunchScreen_Generation = YES;
				INFOPLIST_KEY_UILaunchStoryboardName = "Launch Screen.storyboard";
				INFOPLIST_KEY_UISupportedInterfaceOrientations = UIInterfaceOrientationPortrait;
				LD_RUNPATH_SEARCH_PATHS = (
					"$(inherited)",
					"@executable_path/Frameworks",
				);
				MARKETING_VERSION = 1.0;
				PRODUCT_BUNDLE_IDENTIFIER = ns.ToDoList;
				PRODUCT_NAME = "$(TARGET_NAME)";
				SWIFT_EMIT_LOC_STRINGS = YES;
				SWIFT_VERSION = 5.0;
				TARGETED_DEVICE_FAMILY = "1,2";
			};
			name = Release;
		};
/* End XCBuildConfiguration section */

/* Begin XCConfigurationList section */
		134238942BE2353C00F3D35E /* Build configuration list for PBXProject "ToDoList" */ = {
			isa = XCConfigurationList;
			buildConfigurations = (
				134238A52BE2353D00F3D35E /* Debug */,
				134238A62BE2353D00F3D35E /* Release */,
			);
			defaultConfigurationIsVisible = 0;
			defaultConfigurationName = Release;
		};
		134238A72BE2353D00F3D35E /* Build configuration list for PBXNativeTarget "ToDoList" */ = {
			isa = XCConfigurationList;
			buildConfigurations = (
				134238A82BE2353D00F3D35E /* Debug */,
				134238A92BE2353D00F3D35E /* Release */,
			);
			defaultConfigurationIsVisible = 0;
			defaultConfigurationName = Release;
		};
/* End XCConfigurationList section */

/* Begin XCRemoteSwiftPackageReference section */
		134238AA2BE23FCE00F3D35E /* XCRemoteSwiftPackageReference "firebase-ios-sdk" */ = {
			isa = XCRemoteSwiftPackageReference;
			repositoryURL = "https://github.com/firebase/firebase-ios-sdk";
			requirement = {
				kind = versionRange;
				maximumVersion = 11.0.0;
				minimumVersion = 10.0.0;
			};
		};
/* End XCRemoteSwiftPackageReference section */

/* Begin XCSwiftPackageProductDependency section */
		134238AB2BE23FCE00F3D35E /* FirebaseAuth */ = {
			isa = XCSwiftPackageProductDependency;
			package = 134238AA2BE23FCE00F3D35E /* XCRemoteSwiftPackageReference "firebase-ios-sdk" */;
			productName = FirebaseAuth;
		};
		134238AD2BE23FCE00F3D35E /* FirebaseFirestore */ = {
			isa = XCSwiftPackageProductDependency;
			package = 134238AA2BE23FCE00F3D35E /* XCRemoteSwiftPackageReference "firebase-ios-sdk" */;
			productName = FirebaseFirestore;
		};
		134238AF2BE23FCE00F3D35E /* FirebaseFirestoreSwift */ = {
			isa = XCSwiftPackageProductDependency;
			package = 134238AA2BE23FCE00F3D35E /* XCRemoteSwiftPackageReference "firebase-ios-sdk" */;
			productName = FirebaseFirestoreSwift;
		};
/* End XCSwiftPackageProductDependency section */
	};
	rootObject = 134238912BE2353C00F3D35E /* Project object */;
}
